{
  "name": "src",
  "lockfileVersion": 3,
  "requires": true,
  "packages": {
    "": {
      "dependencies": {
        "gojs": "^3.1.8"
      }
    },
    "node_modules/gojs": {
      "version": "3.1.8",
      "resolved": "https://registry.npmjs.org/gojs/-/gojs-3.1.8.tgz",
      "integrity": "sha512-qb2OD5WE+8+/21PtI18FRtB17b+XG38dHJDI6V/x0AZfjNR0qQdbjThUTktV76EWy/NA9/E79H/JqYHFp4/MGg==",
      "license": "SEE LICENSE IN license.html"
    }
  }
}
